
Microsoft Visual Studio Solution File, Format Version 12.00
# Visual Studio Version 16
VisualStudioVersion = 16.0.31729.503
MinimumVisualStudioVersion = 10.0.40219.1
Project("{8BC9CEB8-8B4A-11D0-8D11-00A0C91BC942}") = "18_5_3", "18_5_3\18_5_3.vcxproj", "{CFBF2900-34E0-4812-B562-BC7367E33605}"
EndProject
Global
	GlobalSection(SolutionConfigurationPlatforms) = preSolution
		Debug|x64 = Debug|x64
		Debug|x86 = Debug|x86
		Release|x64 = Release|x64
		Release|x86 = Release|x86
	EndGlobalSection
	GlobalSection(ProjectConfigurationPlatforms) = postSolution
		{CFBF2900-34E0-4812-B562-BC7367E33605}.Debug|x64.ActiveCfg = Debug|x64
		{CFBF2900-34E0-4812-B562-BC7367E33605}.Debug|x64.Build.0 = Debug|x64
		{CFBF2900-34E0-4812-B562-BC7367E33605}.Debug|x86.ActiveCfg = Debug|Win32
		{CFBF2900-34E0-4812-B562-BC7367E33605}.Debug|x86.Build.0 = Debug|Win32
		{CFBF2900-34E0-4812-B562-BC7367E33605}.Release|x64.ActiveCfg = Release|x64
		{CFBF2900-34E0-4812-B562-BC7367E33605}.Release|x64.Build.0 = Release|x64
		{CFBF2900-34E0-4812-B562-BC7367E33605}.Release|x86.ActiveCfg = Release|Win32
		{CFBF2900-34E0-4812-B562-BC7367E33605}.Release|x86.Build.0 = Release|Win32
	EndGlobalSection
	GlobalSection(SolutionProperties) = preSolution
		HideSolutionNode = FALSE
	EndGlobalSection
	GlobalSection(ExtensibilityGlobals) = postSolution
		SolutionGuid = {D8397C4F-D50C-493B-BB4E-AB4E6F77A5B9}
	EndGlobalSection
EndGlobal
